
Microsoft Visual Studio Solution File, Format Version 12.00
# Visual Studio Version 16
VisualStudioVersion = 16.0.32901.82
MinimumVisualStudioVersion = 10.0.40219.1
Project("{FAE04EC0-301F-11D3-BF4B-00C04F79EFBC}") = "Construct Assign", "Construct Assign\Construct Assign.csproj", "{207A929D-0917-494E-8ACC-FFB4A0B26CF4}"
EndProject
Global
	GlobalSection(SolutionConfigurationPlatforms) = preSolution
		Debug|Any CPU = Debug|Any CPU
		Release|Any CPU = Release|Any CPU
	EndGlobalSection
	GlobalSection(ProjectConfigurationPlatforms) = postSolution
		{207A929D-0917-494E-8ACC-FFB4A0B26CF4}.Debug|Any CPU.ActiveCfg = Debug|Any CPU
		{207A929D-0917-494E-8ACC-FFB4A0B26CF4}.Debug|Any CPU.Build.0 = Debug|Any CPU
		{207A929D-0917-494E-8ACC-FFB4A0B26CF4}.Release|Any CPU.ActiveCfg = Release|Any CPU
		{207A929D-0917-494E-8ACC-FFB4A0B26CF4}.Release|Any CPU.Build.0 = Release|Any CPU
	EndGlobalSection
	GlobalSection(SolutionProperties) = preSolution
		HideSolutionNode = FALSE
	EndGlobalSection
	GlobalSection(ExtensibilityGlobals) = postSolution
		SolutionGuid = {CD78E443-08FF-4361-9548-BBB8C4655117}
	EndGlobalSection
EndGlobal
