
Microsoft Visual Studio Solution File, Format Version 12.00
# Visual Studio Version 16
VisualStudioVersion = 16.0.32901.82
MinimumVisualStudioVersion = 10.0.40219.1
Project("{FAE04EC0-301F-11D3-BF4B-00C04F79EFBC}") = "MethodCl", "MethodCl\MethodCl.csproj", "{16FECD2A-7E5C-4E9F-942A-FB68CAB751A6}"
EndProject
Global
	GlobalSection(SolutionConfigurationPlatforms) = preSolution
		Debug|Any CPU = Debug|Any CPU
		Release|Any CPU = Release|Any CPU
	EndGlobalSection
	GlobalSection(ProjectConfigurationPlatforms) = postSolution
		{16FECD2A-7E5C-4E9F-942A-FB68CAB751A6}.Debug|Any CPU.ActiveCfg = Debug|Any CPU
		{16FECD2A-7E5C-4E9F-942A-FB68CAB751A6}.Debug|Any CPU.Build.0 = Debug|Any CPU
		{16FECD2A-7E5C-4E9F-942A-FB68CAB751A6}.Release|Any CPU.ActiveCfg = Release|Any CPU
		{16FECD2A-7E5C-4E9F-942A-FB68CAB751A6}.Release|Any CPU.Build.0 = Release|Any CPU
	EndGlobalSection
	GlobalSection(SolutionProperties) = preSolution
		HideSolutionNode = FALSE
	EndGlobalSection
	GlobalSection(ExtensibilityGlobals) = postSolution
		SolutionGuid = {2BB55D33-C42F-4ED1-8E9E-1FECDF7BC7C7}
	EndGlobalSection
EndGlobal
