
Microsoft Visual Studio Solution File, Format Version 12.00
# Visual Studio Version 16
VisualStudioVersion = 16.0.32901.82
MinimumVisualStudioVersion = 10.0.40219.1
Project("{FAE04EC0-301F-11D3-BF4B-00C04F79EFBC}") = "Console App Array", "Console App Array\Console App Array.csproj", "{BD5C9079-45EC-4507-BA16-FC111414FE8B}"
EndProject
Global
	GlobalSection(SolutionConfigurationPlatforms) = preSolution
		Debug|Any CPU = Debug|Any CPU
		Release|Any CPU = Release|Any CPU
	EndGlobalSection
	GlobalSection(ProjectConfigurationPlatforms) = postSolution
		{BD5C9079-45EC-4507-BA16-FC111414FE8B}.Debug|Any CPU.ActiveCfg = Debug|Any CPU
		{BD5C9079-45EC-4507-BA16-FC111414FE8B}.Debug|Any CPU.Build.0 = Debug|Any CPU
		{BD5C9079-45EC-4507-BA16-FC111414FE8B}.Release|Any CPU.ActiveCfg = Release|Any CPU
		{BD5C9079-45EC-4507-BA16-FC111414FE8B}.Release|Any CPU.Build.0 = Release|Any CPU
	EndGlobalSection
	GlobalSection(SolutionProperties) = preSolution
		HideSolutionNode = FALSE
	EndGlobalSection
	GlobalSection(ExtensibilityGlobals) = postSolution
		SolutionGuid = {875E35F1-6005-4C9E-99A3-3BBB0E5CEFE8}
	EndGlobalSection
EndGlobal
