
Microsoft Visual Studio Solution File, Format Version 12.00
# Visual Studio Version 16
VisualStudioVersion = 16.0.32901.82
MinimumVisualStudioVersion = 10.0.40219.1
Project("{FAE04EC0-301F-11D3-BF4B-00C04F79EFBC}") = "ConsoleApp", "ConsoleApp\ConsoleApp.csproj", "{75582A4C-C83E-48BB-8E83-AB515DBC0F67}"
EndProject
Global
	GlobalSection(SolutionConfigurationPlatforms) = preSolution
		Debug|Any CPU = Debug|Any CPU
		Release|Any CPU = Release|Any CPU
	EndGlobalSection
	GlobalSection(ProjectConfigurationPlatforms) = postSolution
		{75582A4C-C83E-48BB-8E83-AB515DBC0F67}.Debug|Any CPU.ActiveCfg = Debug|Any CPU
		{75582A4C-C83E-48BB-8E83-AB515DBC0F67}.Debug|Any CPU.Build.0 = Debug|Any CPU
		{75582A4C-C83E-48BB-8E83-AB515DBC0F67}.Release|Any CPU.ActiveCfg = Release|Any CPU
		{75582A4C-C83E-48BB-8E83-AB515DBC0F67}.Release|Any CPU.Build.0 = Release|Any CPU
	EndGlobalSection
	GlobalSection(SolutionProperties) = preSolution
		HideSolutionNode = FALSE
	EndGlobalSection
	GlobalSection(ExtensibilityGlobals) = postSolution
		SolutionGuid = {95531C3E-0395-4111-B677-18E76A5E3F7F}
	EndGlobalSection
EndGlobal
