
Microsoft Visual Studio Solution File, Format Version 12.00
# Visual Studio Version 16
VisualStudioVersion = 16.0.32901.82
MinimumVisualStudioVersion = 10.0.40219.1
Project("{FAE04EC0-301F-11D3-BF4B-00C04F79EFBC}") = "PolyInterface", "PolyInterface\PolyInterface.csproj", "{78692B74-EA3F-4191-869A-6EA547DA8E92}"
EndProject
Global
	GlobalSection(SolutionConfigurationPlatforms) = preSolution
		Debug|Any CPU = Debug|Any CPU
		Release|Any CPU = Release|Any CPU
	EndGlobalSection
	GlobalSection(ProjectConfigurationPlatforms) = postSolution
		{78692B74-EA3F-4191-869A-6EA547DA8E92}.Debug|Any CPU.ActiveCfg = Debug|Any CPU
		{78692B74-EA3F-4191-869A-6EA547DA8E92}.Debug|Any CPU.Build.0 = Debug|Any CPU
		{78692B74-EA3F-4191-869A-6EA547DA8E92}.Release|Any CPU.ActiveCfg = Release|Any CPU
		{78692B74-EA3F-4191-869A-6EA547DA8E92}.Release|Any CPU.Build.0 = Release|Any CPU
	EndGlobalSection
	GlobalSection(SolutionProperties) = preSolution
		HideSolutionNode = FALSE
	EndGlobalSection
	GlobalSection(ExtensibilityGlobals) = postSolution
		SolutionGuid = {FC207264-2967-41D6-BAC1-C2BEF778C927}
	EndGlobalSection
EndGlobal
