
Microsoft Visual Studio Solution File, Format Version 12.00
# Visual Studio Version 16
VisualStudioVersion = 16.0.32901.82
MinimumVisualStudioVersion = 10.0.40219.1
Project("{FAE04EC0-301F-11D3-BF4B-00C04F79EFBC}") = "MethodAssign", "MethodAssign\MethodAssign.csproj", "{47FB1511-A995-405F-BC7D-BFCC175DF0BE}"
EndProject
Global
	GlobalSection(SolutionConfigurationPlatforms) = preSolution
		Debug|Any CPU = Debug|Any CPU
		Release|Any CPU = Release|Any CPU
	EndGlobalSection
	GlobalSection(ProjectConfigurationPlatforms) = postSolution
		{47FB1511-A995-405F-BC7D-BFCC175DF0BE}.Debug|Any CPU.ActiveCfg = Debug|Any CPU
		{47FB1511-A995-405F-BC7D-BFCC175DF0BE}.Debug|Any CPU.Build.0 = Debug|Any CPU
		{47FB1511-A995-405F-BC7D-BFCC175DF0BE}.Release|Any CPU.ActiveCfg = Release|Any CPU
		{47FB1511-A995-405F-BC7D-BFCC175DF0BE}.Release|Any CPU.Build.0 = Release|Any CPU
	EndGlobalSection
	GlobalSection(SolutionProperties) = preSolution
		HideSolutionNode = FALSE
	EndGlobalSection
	GlobalSection(ExtensibilityGlobals) = postSolution
		SolutionGuid = {1F18905F-B78D-435E-9C08-4273EDD57AA0}
	EndGlobalSection
EndGlobal
