
Microsoft Visual Studio Solution File, Format Version 12.00
# Visual Studio Version 16
VisualStudioVersion = 16.0.32901.82
MinimumVisualStudioVersion = 10.0.40219.1
Project("{FAE04EC0-301F-11D3-BF4B-00C04F79EFBC}") = "ClassMethod", "ClassMethod\ClassMethod.csproj", "{3C411348-DF8D-45C9-A123-E37A63712415}"
EndProject
Global
	GlobalSection(SolutionConfigurationPlatforms) = preSolution
		Debug|Any CPU = Debug|Any CPU
		Release|Any CPU = Release|Any CPU
	EndGlobalSection
	GlobalSection(ProjectConfigurationPlatforms) = postSolution
		{3C411348-DF8D-45C9-A123-E37A63712415}.Debug|Any CPU.ActiveCfg = Debug|Any CPU
		{3C411348-DF8D-45C9-A123-E37A63712415}.Debug|Any CPU.Build.0 = Debug|Any CPU
		{3C411348-DF8D-45C9-A123-E37A63712415}.Release|Any CPU.ActiveCfg = Release|Any CPU
		{3C411348-DF8D-45C9-A123-E37A63712415}.Release|Any CPU.Build.0 = Release|Any CPU
	EndGlobalSection
	GlobalSection(SolutionProperties) = preSolution
		HideSolutionNode = FALSE
	EndGlobalSection
	GlobalSection(ExtensibilityGlobals) = postSolution
		SolutionGuid = {14945855-0057-4359-BAC6-46ABD272A577}
	EndGlobalSection
EndGlobal
