
Microsoft Visual Studio Solution File, Format Version 12.00
# Visual Studio Version 16
VisualStudioVersion = 16.0.32901.82
MinimumVisualStudioVersion = 10.0.40219.1
Project("{FAE04EC0-301F-11D3-BF4B-00C04F79EFBC}") = "Exceptional Handling", "Exceptional Handling\Exceptional Handling.csproj", "{38832648-2AAB-4EDF-99C5-D14E8E9FCB2D}"
EndProject
Global
	GlobalSection(SolutionConfigurationPlatforms) = preSolution
		Debug|Any CPU = Debug|Any CPU
		Release|Any CPU = Release|Any CPU
	EndGlobalSection
	GlobalSection(ProjectConfigurationPlatforms) = postSolution
		{38832648-2AAB-4EDF-99C5-D14E8E9FCB2D}.Debug|Any CPU.ActiveCfg = Debug|Any CPU
		{38832648-2AAB-4EDF-99C5-D14E8E9FCB2D}.Debug|Any CPU.Build.0 = Debug|Any CPU
		{38832648-2AAB-4EDF-99C5-D14E8E9FCB2D}.Release|Any CPU.ActiveCfg = Release|Any CPU
		{38832648-2AAB-4EDF-99C5-D14E8E9FCB2D}.Release|Any CPU.Build.0 = Release|Any CPU
	EndGlobalSection
	GlobalSection(SolutionProperties) = preSolution
		HideSolutionNode = FALSE
	EndGlobalSection
	GlobalSection(ExtensibilityGlobals) = postSolution
		SolutionGuid = {7ACEDD5D-0163-46DC-B6E0-09B49C4AD1C8}
	EndGlobalSection
EndGlobal
