
Microsoft Visual Studio Solution File, Format Version 12.00
# Visual Studio Version 16
VisualStudioVersion = 16.0.32901.82
MinimumVisualStudioVersion = 10.0.40219.1
Project("{FAE04EC0-301F-11D3-BF4B-00C04F79EFBC}") = "List  of Array", "List  of Array\List  of Array.csproj", "{1B39A428-45D4-444A-B1AC-4FD5449DB89E}"
EndProject
Global
	GlobalSection(SolutionConfigurationPlatforms) = preSolution
		Debug|Any CPU = Debug|Any CPU
		Release|Any CPU = Release|Any CPU
	EndGlobalSection
	GlobalSection(ProjectConfigurationPlatforms) = postSolution
		{1B39A428-45D4-444A-B1AC-4FD5449DB89E}.Debug|Any CPU.ActiveCfg = Debug|Any CPU
		{1B39A428-45D4-444A-B1AC-4FD5449DB89E}.Debug|Any CPU.Build.0 = Debug|Any CPU
		{1B39A428-45D4-444A-B1AC-4FD5449DB89E}.Release|Any CPU.ActiveCfg = Release|Any CPU
		{1B39A428-45D4-444A-B1AC-4FD5449DB89E}.Release|Any CPU.Build.0 = Release|Any CPU
	EndGlobalSection
	GlobalSection(SolutionProperties) = preSolution
		HideSolutionNode = FALSE
	EndGlobalSection
	GlobalSection(ExtensibilityGlobals) = postSolution
		SolutionGuid = {444E3407-EE26-4473-874A-A818D5B9CB1E}
	EndGlobalSection
EndGlobal
